// !$*UTF8*$!
{
	archiveVersion = 1;
	classes = {
	};
	objectVersion = 77;
	objects = {

/* Begin PBXBuildFile section */
		98EE81702FD320020070060C /* AppDelegate.swift in Sources */ = {isa = PBXBuildFile; fileRef = 98EE816F2FD320020070060C /* AppDelegate.swift */; };
		98EE81722FD320020070060C /* SceneDelegate.swift in Sources */ = {isa = PBXBuildFile; fileRef = 98EE81712FD320020070060C /* SceneDelegate.swift */; };
		98EE81752FD320020070060C /* LaunchScreen.storyboard in Resources */ = {isa = PBXBuildFile; fileRef = 98EE81732FD320020070060C /* LaunchScreen.storyboard */; };
		98EE81782FD320020070060C /* Main.storyboard in Resources */ = {isa = PBXBuildFile; fileRef = 98EE81762FD320020070060C /* Main.storyboard */; };
		98EE818B2FD320020070060C /* Onshape Plus Extension.appex in Embed Foundation Extensions */ = {isa = PBXBuildFile; fileRef = 98EE818A2FD320020070060C /* Onshape Plus Extension.appex */; settings = {ATTRIBUTES = (RemoveHeadersOnCopy, ); }; };
		98EE819A2FD320020070060C /* Main.html in Resources */ = {isa = PBXBuildFile; fileRef = 98EE815F2FD31FFF0070060C /* Main.html */; };
		98EE819C2FD320020070060C /* Icon.png in Resources */ = {isa = PBXBuildFile; fileRef = 98EE81612FD31FFF0070060C /* Icon.png */; };
		98EE819E2FD320020070060C /* Style.css in Resources */ = {isa = PBXBuildFile; fileRef = 98EE81622FD31FFF0070060C /* Style.css */; };
		98EE81A02FD320020070060C /* Script.js in Resources */ = {isa = PBXBuildFile; fileRef = 98EE81632FD31FFF0070060C /* Script.js */; };
		98EE81A22FD320020070060C /* ViewController.swift in Sources */ = {isa = PBXBuildFile; fileRef = 98EE81642FD31FFF0070060C /* ViewController.swift */; };
		98EE81A42FD320020070060C /* Assets.xcassets in Resources */ = {isa = PBXBuildFile; fileRef = 98EE81652FD320010070060C /* Assets.xcassets */; };
		98EE81A62FD320020070060C /* SafariWebExtensionHandler.swift in Sources */ = {isa = PBXBuildFile; fileRef = 98EE81672FD320010070060C /* SafariWebExtensionHandler.swift */; };
		98EE81C12FD320020070060C /* onshape-page-bridge.js in Resources */ = {isa = PBXBuildFile; fileRef = 98EE81B92FD320020070060C /* onshape-page-bridge.js */; };
		98EE81C22FD320020070060C /* icons in Resources */ = {isa = PBXBuildFile; fileRef = 98EE81BA2FD320020070060C /* icons */; };
		98EE81C32FD320020070060C /* manifest.json in Resources */ = {isa = PBXBuildFile; fileRef = 98EE81BB2FD320020070060C /* manifest.json */; };
		98EE81C42FD320020070060C /* assets in Resources */ = {isa = PBXBuildFile; fileRef = 98EE81BC2FD320020070060C /* assets */; };
/* End PBXBuildFile section */

/* Begin PBXContainerItemProxy section */
		98EE818C2FD320020070060C /* PBXContainerItemProxy */ = {
			isa = PBXContainerItemProxy;
			containerPortal = 98EE81592FD31FFF0070060C /* Project object */;
			proxyType = 1;
			remoteGlobalIDString = 98EE81892FD320020070060C;
			remoteInfo = "Onshape Plus Extension (iOS)";
		};
/* End PBXContainerItemProxy section */

/* Begin PBXCopyFilesBuildPhase section */
		98EE81AD2FD320020070060C /* Embed Foundation Extensions */ = {
			isa = PBXCopyFilesBuildPhase;
			buildActionMask = 2147483647;
			dstPath = "";
			dstSubfolderSpec = 13;
			files = (
				98EE818B2FD320020070060C /* Onshape Plus Extension.appex in Embed Foundation Extensions */,
			);
			name = "Embed Foundation Extensions";
			runOnlyForDeploymentPostprocessing = 0;
		};
/* End PBXCopyFilesBuildPhase section */

/* Begin PBXFileReference section */
		98EE81602FD31FFF0070060C /* Base */ = {isa = PBXFileReference; lastKnownFileType = text.html; name = Base; path = Base.lproj/Main.html; sourceTree = "<group>"; };
		98EE81612FD31FFF0070060C /* Icon.png */ = {isa = PBXFileReference; lastKnownFileType = image.png; path = Icon.png; sourceTree = "<group>"; };
		98EE81622FD31FFF0070060C /* Style.css */ = {isa = PBXFileReference; lastKnownFileType = text.css; path = Style.css; sourceTree = "<group>"; };
		98EE81632FD31FFF0070060C /* Script.js */ = {isa = PBXFileReference; lastKnownFileType = sourcecode.javascript; path = Script.js; sourceTree = "<group>"; };
		98EE81642FD31FFF0070060C /* ViewController.swift */ = {isa = PBXFileReference; lastKnownFileType = sourcecode.swift; path = ViewController.swift; sourceTree = "<group>"; };
		98EE81652FD320010070060C /* Assets.xcassets */ = {isa = PBXFileReference; lastKnownFileType = folder.assetcatalog; path = Assets.xcassets; sourceTree = "<group>"; };
		98EE81672FD320010070060C /* SafariWebExtensionHandler.swift */ = {isa = PBXFileReference; lastKnownFileType = sourcecode.swift; path = SafariWebExtensionHandler.swift; sourceTree = "<group>"; };
		98EE816C2FD320020070060C /* Onshape Plus.app */ = {isa = PBXFileReference; explicitFileType = wrapper.application; includeInIndex = 0; path = "Onshape Plus.app"; sourceTree = BUILT_PRODUCTS_DIR; };
		98EE816F2FD320020070060C /* AppDelegate.swift */ = {isa = PBXFileReference; lastKnownFileType = sourcecode.swift; path = AppDelegate.swift; sourceTree = "<group>"; };
		98EE81712FD320020070060C /* SceneDelegate.swift */ = {isa = PBXFileReference; lastKnownFileType = sourcecode.swift; path = SceneDelegate.swift; sourceTree = "<group>"; };
		98EE81742FD320020070060C /* Base */ = {isa = PBXFileReference; lastKnownFileType = file.storyboard; name = Base; path = Base.lproj/LaunchScreen.storyboard; sourceTree = "<group>"; };
		98EE81772FD320020070060C /* Base */ = {isa = PBXFileReference; lastKnownFileType = file.storyboard; name = Base; path = Base.lproj/Main.storyboard; sourceTree = "<group>"; };
		98EE81792FD320020070060C /* Info.plist */ = {isa = PBXFileReference; lastKnownFileType = text.plist.xml; path = Info.plist; sourceTree = "<group>"; };
		98EE81802FD320020070060C /* AppDelegate.swift */ = {isa = PBXFileReference; lastKnownFileType = sourcecode.swift; path = AppDelegate.swift; sourceTree = "<group>"; };
		98EE81832FD320020070060C /* Base */ = {isa = PBXFileReference; lastKnownFileType = file.storyboard; name = Base; path = Base.lproj/Main.storyboard; sourceTree = "<group>"; };
		98EE81852FD320020070060C /* Info.plist */ = {isa = PBXFileReference; lastKnownFileType = text.plist.xml; path = Info.plist; sourceTree = "<group>"; };
		98EE818A2FD320020070060C /* Onshape Plus Extension.appex */ = {isa = PBXFileReference; explicitFileType = "wrapper.app-extension"; includeInIndex = 0; path = "Onshape Plus Extension.appex"; sourceTree = BUILT_PRODUCTS_DIR; };
		98EE818F2FD320020070060C /* Info.plist */ = {isa = PBXFileReference; lastKnownFileType = text.plist.xml; path = Info.plist; sourceTree = "<group>"; };
		98EE81992FD320020070060C /* Info.plist */ = {isa = PBXFileReference; lastKnownFileType = text.plist.xml; path = Info.plist; sourceTree = "<group>"; };
		98EE81B92FD320020070060C /* onshape-page-bridge.js */ = {isa = PBXFileReference; lastKnownFileType = sourcecode.javascript; name = "onshape-page-bridge.js"; path = "../../../../dist/onshape-page-bridge.js"; sourceTree = "<group>"; };
		98EE81BA2FD320020070060C /* icons */ = {isa = PBXFileReference; lastKnownFileType = folder; name = icons; path = ../../../../dist/icons; sourceTree = "<group>"; };
		98EE81BB2FD320020070060C /* manifest.json */ = {isa = PBXFileReference; lastKnownFileType = text.json; name = manifest.json; path = ../../../../dist/manifest.json; sourceTree = "<group>"; };
		98EE81BC2FD320020070060C /* assets */ = {isa = PBXFileReference; lastKnownFileType = folder; name = assets; path = ../../../../dist/assets; sourceTree = "<group>"; };
/* End PBXFileReference section */

/* Begin PBXFrameworksBuildPhase section */
		98EE81692FD320020070060C /* Frameworks */ = {
			isa = PBXFrameworksBuildPhase;
			buildActionMask = 2147483647;
			files = (
			);
			runOnlyForDeploymentPostprocessing = 0;
		};
		98EE81872FD320020070060C /* Frameworks */ = {
			isa = PBXFrameworksBuildPhase;
			buildActionMask = 2147483647;
			files = (
			);
			runOnlyForDeploymentPostprocessing = 0;
		};
/* End PBXFrameworksBuildPhase section */

/* Begin PBXGroup section */
		98EE81582FD31FFF0070060C = {
			isa = PBXGroup;
			children = (
				98EE815D2FD31FFF0070060C /* Shared (App) */,
				98EE81662FD320010070060C /* Shared (Extension) */,
				98EE816E2FD320020070060C /* iOS (App) */,
				98EE817F2FD320020070060C /* macOS (App) */,
				98EE818E2FD320020070060C /* iOS (Extension) */,
				98EE81982FD320020070060C /* macOS (Extension) */,
				98EE816D2FD320020070060C /* Products */,
			);
			sourceTree = "<group>";
		};
		98EE815D2FD31FFF0070060C /* Shared (App) */ = {
			isa = PBXGroup;
			children = (
				98EE81642FD31FFF0070060C /* ViewController.swift */,
				98EE81652FD320010070060C /* Assets.xcassets */,
				98EE815E2FD31FFF0070060C /* Resources */,
			);
			path = "Shared (App)";
			sourceTree = "<group>";
		};
		98EE815E2FD31FFF0070060C /* Resources */ = {
			isa = PBXGroup;
			children = (
				98EE815F2FD31FFF0070060C /* Main.html */,
				98EE81612FD31FFF0070060C /* Icon.png */,
				98EE81622FD31FFF0070060C /* Style.css */,
				98EE81632FD31FFF0070060C /* Script.js */,
			);
			path = Resources;
			sourceTree = "<group>";
		};
		98EE81662FD320010070060C /* Shared (Extension) */ = {
			isa = PBXGroup;
			children = (
				98EE81B82FD320020070060C /* Resources */,
				98EE81672FD320010070060C /* SafariWebExtensionHandler.swift */,
			);
			path = "Shared (Extension)";
			sourceTree = "<group>";
		};
		98EE816D2FD320020070060C /* Products */ = {
			isa = PBXGroup;
			children = (
				98EE816C2FD320020070060C /* Onshape Plus.app */,
				98EE818A2FD320020070060C /* Onshape Plus Extension.appex */,
			);
			name = Products;
			sourceTree = "<group>";
		};
		98EE816E2FD320020070060C /* iOS (App) */ = {
			isa = PBXGroup;
			children = (
				98EE816F2FD320020070060C /* AppDelegate.swift */,
				98EE81712FD320020070060C /* SceneDelegate.swift */,
				98EE81732FD320020070060C /* LaunchScreen.storyboard */,
				98EE81762FD320020070060C /* Main.storyboard */,
				98EE81792FD320020070060C /* Info.plist */,
			);
			path = "iOS (App)";
			sourceTree = "<group>";
		};
		98EE817F2FD320020070060C /* macOS (App) */ = {
			isa = PBXGroup;
			children = (
				98EE81802FD320020070060C /* AppDelegate.swift */,
				98EE81822FD320020070060C /* Main.storyboard */,
				98EE81852FD320020070060C /* Info.plist */,
			);
			path = "macOS (App)";
			sourceTree = "<group>";
		};
		98EE818E2FD320020070060C /* iOS (Extension) */ = {
			isa = PBXGroup;
			children = (
				98EE818F2FD320020070060C /* Info.plist */,
			);
			path = "iOS (Extension)";
			sourceTree = "<group>";
		};
		98EE81982FD320020070060C /* macOS (Extension) */ = {
			isa = PBXGroup;
			children = (
				98EE81992FD320020070060C /* Info.plist */,
			);
			path = "macOS (Extension)";
			sourceTree = "<group>";
		};
		98EE81B82FD320020070060C /* Resources */ = {
			isa = PBXGroup;
			children = (
				98EE81B92FD320020070060C /* onshape-page-bridge.js */,
				98EE81BA2FD320020070060C /* icons */,
				98EE81BB2FD320020070060C /* manifest.json */,
				98EE81BC2FD320020070060C /* assets */,
			);
			name = Resources;
			path = "Shared (Extension)";
			sourceTree = SOURCE_ROOT;
		};
/* End PBXGroup section */

/* Begin PBXNativeTarget section */
		98EE816B2FD320020070060C /* Onshape Plus (iOS) */ = {
			isa = PBXNativeTarget;
			buildConfigurationList = 98EE81AE2FD320020070060C /* Build configuration list for PBXNativeTarget "Onshape Plus (iOS)" */;
			buildPhases = (
				98EE81682FD320020070060C /* Sources */,
				98EE81692FD320020070060C /* Frameworks */,
				98EE816A2FD320020070060C /* Resources */,
				98EE81AD2FD320020070060C /* Embed Foundation Extensions */,
			);
			buildRules = (
			);
			dependencies = (
				98EE818D2FD320020070060C /* PBXTargetDependency */,
			);
			name = "Onshape Plus (iOS)";
			packageProductDependencies = (
			);
			productName = "Onshape Plus (iOS)";
			productReference = 98EE816C2FD320020070060C /* Onshape Plus.app */;
			productType = "com.apple.product-type.application";
		};
		98EE81892FD320020070060C /* Onshape Plus Extension (iOS) */ = {
			isa = PBXNativeTarget;
			buildConfigurationList = 98EE81AA2FD320020070060C /* Build configuration list for PBXNativeTarget "Onshape Plus Extension (iOS)" */;
			buildPhases = (
				98EE81862FD320020070060C /* Sources */,
				98EE81872FD320020070060C /* Frameworks */,
				98EE81882FD320020070060C /* Resources */,
			);
			buildRules = (
			);
			dependencies = (
			);
			name = "Onshape Plus Extension (iOS)";
			packageProductDependencies = (
			);
			productName = "Onshape Plus Extension (iOS)";
			productReference = 98EE818A2FD320020070060C /* Onshape Plus Extension.appex */;
			productType = "com.apple.product-type.app-extension";
		};
/* End PBXNativeTarget section */

/* Begin PBXProject section */
		98EE81592FD31FFF0070060C /* Project object */ = {
			isa = PBXProject;
			attributes = {
				BuildIndependentTargetsInParallel = 1;
				LastSwiftUpdateCheck = 2620;
				LastUpgradeCheck = 2620;
				TargetAttributes = {
					98EE816B2FD320020070060C = {
						CreatedOnToolsVersion = 26.2;
					};
					98EE81892FD320020070060C = {
						CreatedOnToolsVersion = 26.2;
					};
				};
			};
			buildConfigurationList = 98EE815C2FD31FFF0070060C /* Build configuration list for PBXProject "Onshape Plus" */;
			developmentRegion = en;
			hasScannedForEncodings = 0;
			knownRegions = (
				en,
				Base,
			);
			mainGroup = 98EE81582FD31FFF0070060C;
			minimizedProjectReferenceProxies = 1;
			preferredProjectObjectVersion = 77;
			productRefGroup = 98EE816D2FD320020070060C /* Products */;
			projectDirPath = "";
			projectRoot = "";
			targets = (
				98EE816B2FD320020070060C /* Onshape Plus (iOS) */,
				98EE81892FD320020070060C /* Onshape Plus Extension (iOS) */,
			);
		};
/* End PBXProject section */

/* Begin PBXResourcesBuildPhase section */
		98EE816A2FD320020070060C /* Resources */ = {
			isa = PBXResourcesBuildPhase;
			buildActionMask = 2147483647;
			files = (
				98EE819C2FD320020070060C /* Icon.png in Resources */,
				98EE81752FD320020070060C /* LaunchScreen.storyboard in Resources */,
				98EE819A2FD320020070060C /* Main.html in Resources */,
				98EE81A02FD320020070060C /* Script.js in Resources */,
				98EE81A42FD320020070060C /* Assets.xcassets in Resources */,
				98EE81782FD320020070060C /* Main.storyboard in Resources */,
				98EE819E2FD320020070060C /* Style.css in Resources */,
			);
			runOnlyForDeploymentPostprocessing = 0;
		};
		98EE81882FD320020070060C /* Resources */ = {
			isa = PBXResourcesBuildPhase;
			buildActionMask = 2147483647;
			files = (
				98EE81C12FD320020070060C /* onshape-page-bridge.js in Resources */,
				98EE81C42FD320020070060C /* assets in Resources */,
				98EE81C32FD320020070060C /* manifest.json in Resources */,
				98EE81C22FD320020070060C /* icons in Resources */,
			);
			runOnlyForDeploymentPostprocessing = 0;
		};
/* End PBXResourcesBuildPhase section */

/* Begin PBXSourcesBuildPhase section */
		98EE81682FD320020070060C /* Sources */ = {
			isa = PBXSourcesBuildPhase;
			buildActionMask = 2147483647;
			files = (
				98EE81A22FD320020070060C /* ViewController.swift in Sources */,
				98EE81702FD320020070060C /* AppDelegate.swift in Sources */,
				98EE81722FD320020070060C /* SceneDelegate.swift in Sources */,
			);
			runOnlyForDeploymentPostprocessing = 0;
		};
		98EE81862FD320020070060C /* Sources */ = {
			isa = PBXSourcesBuildPhase;
			buildActionMask = 2147483647;
			files = (
				98EE81A62FD320020070060C /* SafariWebExtensionHandler.swift in Sources */,
			);
			runOnlyForDeploymentPostprocessing = 0;
		};
/* End PBXSourcesBuildPhase section */

/* Begin PBXTargetDependency section */
		98EE818D2FD320020070060C /* PBXTargetDependency */ = {
			isa = PBXTargetDependency;
			target = 98EE81892FD320020070060C /* Onshape Plus Extension (iOS) */;
			targetProxy = 98EE818C2FD320020070060C /* PBXContainerItemProxy */;
		};
/* End PBXTargetDependency section */

/* Begin PBXVariantGroup section */
		98EE815F2FD31FFF0070060C /* Main.html */ = {
			isa = PBXVariantGroup;
			children = (
				98EE81602FD31FFF0070060C /* Base */,
			);
			name = Main.html;
			sourceTree = "<group>";
		};
		98EE81732FD320020070060C /* LaunchScreen.storyboard */ = {
			isa = PBXVariantGroup;
			children = (
				98EE81742FD320020070060C /* Base */,
			);
			name = LaunchScreen.storyboard;
			sourceTree = "<group>";
		};
		98EE81762FD320020070060C /* Main.storyboard */ = {
			isa = PBXVariantGroup;
			children = (
				98EE81772FD320020070060C /* Base */,
			);
			name = Main.storyboard;
			sourceTree = "<group>";
		};
		98EE81822FD320020070060C /* Main.storyboard */ = {
			isa = PBXVariantGroup;
			children = (
				98EE81832FD320020070060C /* Base */,
			);
			name = Main.storyboard;
			sourceTree = "<group>";
		};
/* End PBXVariantGroup section */

/* Begin XCBuildConfiguration section */
		98EE81A82FD320020070060C /* Debug */ = {
			isa = XCBuildConfiguration;
			buildSettings = {
				ALWAYS_SEARCH_USER_PATHS = NO;
				ASSETCATALOG_COMPILER_GENERATE_SWIFT_ASSET_SYMBOL_EXTENSIONS = YES;
				CLANG_ANALYZER_NONNULL = YES;
				CLANG_ANALYZER_NUMBER_OBJECT_CONVERSION = YES_AGGRESSIVE;
				CLANG_CXX_LANGUAGE_STANDARD = "gnu++20";
				CLANG_ENABLE_MODULES = YES;
				CLANG_ENABLE_OBJC_ARC = YES;
				CLANG_ENABLE_OBJC_WEAK = YES;
				CLANG_WARN_BLOCK_CAPTURE_AUTORELEASING = YES;
				CLANG_WARN_BOOL_CONVERSION = YES;
				CLANG_WARN_COMMA = YES;
				CLANG_WARN_CONSTANT_CONVERSION = YES;
				CLANG_WARN_DEPRECATED_OBJC_IMPLEMENTATIONS = YES;
				CLANG_WARN_DIRECT_OBJC_ISA_USAGE = YES_ERROR;
				CLANG_WARN_DOCUMENTATION_COMMENTS = YES;
				CLANG_WARN_EMPTY_BODY = YES;
				CLANG_WARN_ENUM_CONVERSION = YES;
				CLANG_WARN_INFINITE_RECURSION = YES;
				CLANG_WARN_INT_CONVERSION = YES;
				CLANG_WARN_NON_LITERAL_NULL_CONVERSION = YES;
				CLANG_WARN_OBJC_IMPLICIT_RETAIN_SELF = YES;
				CLANG_WARN_OBJC_LITERAL_CONVERSION = YES;
				CLANG_WARN_OBJC_ROOT_CLASS = YES_ERROR;
				CLANG_WARN_QUOTED_INCLUDE_IN_FRAMEWORK_HEADER = YES;
				CLANG_WARN_RANGE_LOOP_ANALYSIS = YES;
				CLANG_WARN_STRICT_PROTOTYPES = YES;
				CLANG_WARN_SUSPICIOUS_MOVE = YES;
				CLANG_WARN_UNGUARDED_AVAILABILITY = YES_AGGRESSIVE;
				CLANG_WARN_UNREACHABLE_CODE = YES;
				CLANG_WARN__DUPLICATE_METHOD_MATCH = YES;
				COPY_PHASE_STRIP = NO;
				DEBUG_INFORMATION_FORMAT = dwarf;
				ENABLE_STRICT_OBJC_MSGSEND = YES;
				ENABLE_TESTABILITY = YES;
				ENABLE_USER_SCRIPT_SANDBOXING = YES;
				GCC_C_LANGUAGE_STANDARD = gnu17;
				GCC_DYNAMIC_NO_PIC = NO;
				GCC_NO_COMMON_BLOCKS = YES;
				GCC_OPTIMIZATION_LEVEL = 0;
				GCC_PREPROCESSOR_DEFINITIONS = (
					"DEBUG=1",
					"$(inherited)",
				);
				GCC_WARN_64_TO_32_BIT_CONVERSION = YES;
				GCC_WARN_ABOUT_RETURN_TYPE = YES_ERROR;
				GCC_WARN_UNDECLARED_SELECTOR = YES;
				GCC_WARN_UNINITIALIZED_AUTOS = YES_AGGRESSIVE;
				GCC_WARN_UNUSED_FUNCTION = YES;
				GCC_WARN_UNUSED_VARIABLE = YES;
				LOCALIZATION_PREFERS_STRING_CATALOGS = YES;
				MTL_ENABLE_DEBUG_INFO = INCLUDE_SOURCE;
				MTL_FAST_MATH = YES;
				ONLY_ACTIVE_ARCH = YES;
				SWIFT_ACTIVE_COMPILATION_CONDITIONS = "DEBUG $(inherited)";
				SWIFT_OPTIMIZATION_LEVEL = "-Onone";
			};
			name = Debug;
		};
		98EE81A92FD320020070060C /* Release */ = {
			isa = XCBuildConfiguration;
			buildSettings = {
				ALWAYS_SEARCH_USER_PATHS = NO;
				ASSETCATALOG_COMPILER_GENERATE_SWIFT_ASSET_SYMBOL_EXTENSIONS = YES;
				CLANG_ANALYZER_NONNULL = YES;
				CLANG_ANALYZER_NUMBER_OBJECT_CONVERSION = YES_AGGRESSIVE;
				CLANG_CXX_LANGUAGE_STANDARD = "gnu++20";
				CLANG_ENABLE_MODULES = YES;
				CLANG_ENABLE_OBJC_ARC = YES;
				CLANG_ENABLE_OBJC_WEAK = YES;
				CLANG_WARN_BLOCK_CAPTURE_AUTORELEASING = YES;
				CLANG_WARN_BOOL_CONVERSION = YES;
				CLANG_WARN_COMMA = YES;
				CLANG_WARN_CONSTANT_CONVERSION = YES;
				CLANG_WARN_DEPRECATED_OBJC_IMPLEMENTATIONS = YES;
				CLANG_WARN_DIRECT_OBJC_ISA_USAGE = YES_ERROR;
				CLANG_WARN_DOCUMENTATION_COMMENTS = YES;
				CLANG_WARN_EMPTY_BODY = YES;
				CLANG_WARN_ENUM_CONVERSION = YES;
				CLANG_WARN_INFINITE_RECURSION = YES;
				CLANG_WARN_INT_CONVERSION = YES;
				CLANG_WARN_NON_LITERAL_NULL_CONVERSION = YES;
				CLANG_WARN_OBJC_IMPLICIT_RETAIN_SELF = YES;
				CLANG_WARN_OBJC_LITERAL_CONVERSION = YES;
				CLANG_WARN_OBJC_ROOT_CLASS = YES_ERROR;
				CLANG_WARN_QUOTED_INCLUDE_IN_FRAMEWORK_HEADER = YES;
				CLANG_WARN_RANGE_LOOP_ANALYSIS = YES;
				CLANG_WARN_STRICT_PROTOTYPES = YES;
				CLANG_WARN_SUSPICIOUS_MOVE = YES;
				CLANG_WARN_UNGUARDED_AVAILABILITY = YES_AGGRESSIVE;
				CLANG_WARN_UNREACHABLE_CODE = YES;
				CLANG_WARN__DUPLICATE_METHOD_MATCH = YES;
				COPY_PHASE_STRIP = NO;
				DEBUG_INFORMATION_FORMAT = "dwarf-with-dsym";
				ENABLE_NS_ASSERTIONS = NO;
				ENABLE_STRICT_OBJC_MSGSEND = YES;
				ENABLE_USER_SCRIPT_SANDBOXING = YES;
				GCC_C_LANGUAGE_STANDARD = gnu17;
				GCC_NO_COMMON_BLOCKS = YES;
				GCC_WARN_64_TO_32_BIT_CONVERSION = YES;
				GCC_WARN_ABOUT_RETURN_TYPE = YES_ERROR;
				GCC_WARN_UNDECLARED_SELECTOR = YES;
				GCC_WARN_UNINITIALIZED_AUTOS = YES_AGGRESSIVE;
				GCC_WARN_UNUSED_FUNCTION = YES;
				GCC_WARN_UNUSED_VARIABLE = YES;
				LOCALIZATION_PREFERS_STRING_CATALOGS = YES;
				MTL_ENABLE_DEBUG_INFO = NO;
				MTL_FAST_MATH = YES;
				SWIFT_COMPILATION_MODE = wholemodule;
			};
			name = Release;
		};
		98EE81AB2FD320020070060C /* Debug */ = {
			isa = XCBuildConfiguration;
			buildSettings = {
				CODE_SIGN_STYLE = Automatic;
				CURRENT_PROJECT_VERSION = 1;
				DEVELOPMENT_TEAM = XD8NKZCPXQ;
				GENERATE_INFOPLIST_FILE = YES;
				INFOPLIST_FILE = "iOS (Extension)/Info.plist";
				INFOPLIST_KEY_CFBundleDisplayName = "Onshape Plus Extension";
				INFOPLIST_KEY_NSHumanReadableCopyright = "";
				IPHONEOS_DEPLOYMENT_TARGET = 15.0;
				LD_RUNPATH_SEARCH_PATHS = (
					"$(inherited)",
					"@executable_path/Frameworks",
					"@executable_path/../../Frameworks",
				);
				MARKETING_VERSION = 1.0;
				OTHER_LDFLAGS = (
					"-framework",
					SafariServices,
				);
				PRODUCT_BUNDLE_IDENTIFIER = com.rileydavidson.onshapeplus.Extension;
				PRODUCT_NAME = "Onshape Plus Extension";
				SDKROOT = iphoneos;
				SKIP_INSTALL = YES;
				STRING_CATALOG_GENERATE_SYMBOLS = YES;
				SWIFT_APPROACHABLE_CONCURRENCY = YES;
				SWIFT_EMIT_LOC_STRINGS = YES;
				SWIFT_UPCOMING_FEATURE_MEMBER_IMPORT_VISIBILITY = YES;
				SWIFT_VERSION = 5.0;
				TARGETED_DEVICE_FAMILY = "1,2";
			};
			name = Debug;
		};
		98EE81AC2FD320020070060C /* Release */ = {
			isa = XCBuildConfiguration;
			buildSettings = {
				CODE_SIGN_STYLE = Automatic;
				CURRENT_PROJECT_VERSION = 1;
				DEVELOPMENT_TEAM = XD8NKZCPXQ;
				GENERATE_INFOPLIST_FILE = YES;
				INFOPLIST_FILE = "iOS (Extension)/Info.plist";
				INFOPLIST_KEY_CFBundleDisplayName = "Onshape Plus Extension";
				INFOPLIST_KEY_NSHumanReadableCopyright = "";
				IPHONEOS_DEPLOYMENT_TARGET = 15.0;
				LD_RUNPATH_SEARCH_PATHS = (
					"$(inherited)",
					"@executable_path/Frameworks",
					"@executable_path/../../Frameworks",
				);
				MARKETING_VERSION = 1.0;
				OTHER_LDFLAGS = (
					"-framework",
					SafariServices,
				);
				PRODUCT_BUNDLE_IDENTIFIER = com.rileydavidson.onshapeplus.Extension;
				PRODUCT_NAME = "Onshape Plus Extension";
				SDKROOT = iphoneos;
				SKIP_INSTALL = YES;
				STRING_CATALOG_GENERATE_SYMBOLS = YES;
				SWIFT_APPROACHABLE_CONCURRENCY = YES;
				SWIFT_EMIT_LOC_STRINGS = YES;
				SWIFT_UPCOMING_FEATURE_MEMBER_IMPORT_VISIBILITY = YES;
				SWIFT_VERSION = 5.0;
				TARGETED_DEVICE_FAMILY = "1,2";
				VALIDATE_PRODUCT = YES;
			};
			name = Release;
		};
		98EE81AF2FD320020070060C /* Debug */ = {
			isa = XCBuildConfiguration;
			buildSettings = {
				ASSETCATALOG_COMPILER_APPICON_NAME = AppIcon;
				ASSETCATALOG_COMPILER_GLOBAL_ACCENT_COLOR_NAME = AccentColor;
				CODE_SIGN_STYLE = Automatic;
				CURRENT_PROJECT_VERSION = 1;
				DEVELOPMENT_TEAM = XD8NKZCPXQ;
				GENERATE_INFOPLIST_FILE = YES;
				INFOPLIST_FILE = "iOS (App)/Info.plist";
				INFOPLIST_KEY_CFBundleDisplayName = "Onshape Plus";
				INFOPLIST_KEY_LSApplicationCategoryType = "public.app-category.productivity";
				INFOPLIST_KEY_UIApplicationSupportsIndirectInputEvents = YES;
				INFOPLIST_KEY_UILaunchStoryboardName = LaunchScreen;
				INFOPLIST_KEY_UIMainStoryboardFile = Main;
				INFOPLIST_KEY_UISupportedInterfaceOrientations = "UIInterfaceOrientationLandscapeLeft UIInterfaceOrientationLandscapeRight UIInterfaceOrientationPortrait";
				INFOPLIST_KEY_UISupportedInterfaceOrientations_iPad = "UIInterfaceOrientationLandscapeLeft UIInterfaceOrientationLandscapeRight UIInterfaceOrientationPortrait UIInterfaceOrientationPortraitUpsideDown";
				IPHONEOS_DEPLOYMENT_TARGET = 15.0;
				LD_RUNPATH_SEARCH_PATHS = (
					"$(inherited)",
					"@executable_path/Frameworks",
				);
				MARKETING_VERSION = 1.0;
				OTHER_LDFLAGS = (
					"-framework",
					SafariServices,
					"-framework",
					WebKit,
				);
				PRODUCT_BUNDLE_IDENTIFIER = com.rileydavidson.onshapeplus;
				PRODUCT_NAME = "Onshape Plus";
				SDKROOT = iphoneos;
				STRING_CATALOG_GENERATE_SYMBOLS = YES;
				SWIFT_APPROACHABLE_CONCURRENCY = YES;
				SWIFT_DEFAULT_ACTOR_ISOLATION = MainActor;
				SWIFT_EMIT_LOC_STRINGS = YES;
				SWIFT_UPCOMING_FEATURE_MEMBER_IMPORT_VISIBILITY = YES;
				SWIFT_VERSION = 5.0;
				TARGETED_DEVICE_FAMILY = 2;
			};
			name = Debug;
		};
		98EE81B02FD320020070060C /* Release */ = {
			isa = XCBuildConfiguration;
			buildSettings = {
				ASSETCATALOG_COMPILER_APPICON_NAME = AppIcon;
				ASSETCATALOG_COMPILER_GLOBAL_ACCENT_COLOR_NAME = AccentColor;
				CODE_SIGN_STYLE = Automatic;
				CURRENT_PROJECT_VERSION = 1;
				DEVELOPMENT_TEAM = XD8NKZCPXQ;
				GENERATE_INFOPLIST_FILE = YES;
				INFOPLIST_FILE = "iOS (App)/Info.plist";
				INFOPLIST_KEY_CFBundleDisplayName = "Onshape Plus";
				INFOPLIST_KEY_LSApplicationCategoryType = "public.app-category.productivity";
				INFOPLIST_KEY_UIApplicationSupportsIndirectInputEvents = YES;
				INFOPLIST_KEY_UILaunchStoryboardName = LaunchScreen;
				INFOPLIST_KEY_UIMainStoryboardFile = Main;
				INFOPLIST_KEY_UISupportedInterfaceOrientations = "UIInterfaceOrientationLandscapeLeft UIInterfaceOrientationLandscapeRight UIInterfaceOrientationPortrait";
				INFOPLIST_KEY_UISupportedInterfaceOrientations_iPad = "UIInterfaceOrientationLandscapeLeft UIInterfaceOrientationLandscapeRight UIInterfaceOrientationPortrait UIInterfaceOrientationPortraitUpsideDown";
				IPHONEOS_DEPLOYMENT_TARGET = 15.0;
				LD_RUNPATH_SEARCH_PATHS = (
					"$(inherited)",
					"@executable_path/Frameworks",
				);
				MARKETING_VERSION = 1.0;
				OTHER_LDFLAGS = (
					"-framework",
					SafariServices,
					"-framework",
					WebKit,
				);
				PRODUCT_BUNDLE_IDENTIFIER = com.rileydavidson.onshapeplus;
				PRODUCT_NAME = "Onshape Plus";
				SDKROOT = iphoneos;
				STRING_CATALOG_GENERATE_SYMBOLS = YES;
				SWIFT_APPROACHABLE_CONCURRENCY = YES;
				SWIFT_DEFAULT_ACTOR_ISOLATION = MainActor;
				SWIFT_EMIT_LOC_STRINGS = YES;
				SWIFT_UPCOMING_FEATURE_MEMBER_IMPORT_VISIBILITY = YES;
				SWIFT_VERSION = 5.0;
				TARGETED_DEVICE_FAMILY = 2;
				VALIDATE_PRODUCT = YES;
			};
			name = Release;
		};
/* End XCBuildConfiguration section */

/* Begin XCConfigurationList section */
		98EE815C2FD31FFF0070060C /* Build configuration list for PBXProject "Onshape Plus" */ = {
			isa = XCConfigurationList;
			buildConfigurations = (
				98EE81A82FD320020070060C /* Debug */,
				98EE81A92FD320020070060C /* Release */,
			);
			defaultConfigurationIsVisible = 0;
			defaultConfigurationName = Release;
		};
		98EE81AA2FD320020070060C /* Build configuration list for PBXNativeTarget "Onshape Plus Extension (iOS)" */ = {
			isa = XCConfigurationList;
			buildConfigurations = (
				98EE81AB2FD320020070060C /* Debug */,
				98EE81AC2FD320020070060C /* Release */,
			);
			defaultConfigurationIsVisible = 0;
			defaultConfigurationName = Release;
		};
		98EE81AE2FD320020070060C /* Build configuration list for PBXNativeTarget "Onshape Plus (iOS)" */ = {
			isa = XCConfigurationList;
			buildConfigurations = (
				98EE81AF2FD320020070060C /* Debug */,
				98EE81B02FD320020070060C /* Release */,
			);
			defaultConfigurationIsVisible = 0;
			defaultConfigurationName = Release;
		};
/* End XCConfigurationList section */
	};
	rootObject = 98EE81592FD31FFF0070060C /* Project object */;
}
